<?xml version="1.0" encoding="UTF-8" standalone="yes" ?>
<CodeBlocks_project_file>
	<FileVersion major="1" minor="6" />
	<Project>
		<Option title="projet_block" />
		<Option pch_mode="2" />
		<Option compiler="gcc" />
		<Build>
			<Target title="Debug">
				<Option output="bin/Debug/Projet V1" prefix_auto="1" extension_auto="1" />
				<Option object_output="obj/Debug/" />
				<Option type="1" />
				<Option compiler="gcc" />
				<Compiler>
					<Add option="-g" />
				</Compiler>
			</Target>
			<Target title="Release">
				<Option output="bin/Release/Projet V1" prefix_auto="1" extension_auto="1" />
				<Option object_output="obj/Release/" />
				<Option type="1" />
				<Option compiler="gcc" />
				<Compiler>
					<Add option="-O2" />
				</Compiler>
				<Linker>
					<Add option="-s" />
				</Linker>
			</Target>
		</Build>
		<Compiler>
			<Add option="-Wall" />
			<Add option="-fexceptions" />
		</Compiler>
		<Unit filename="main.cpp" />
		<Unit filename="src/class/block.cpp" />
		<Unit filename="src/class/block.h" />
		<Unit filename="src/class/block_bordure.cpp" />
		<Unit filename="src/class/block_bordure.h" />
		<Unit filename="src/class/block_cercle.cpp" />
		<Unit filename="src/class/block_cercle.h" />
		<Unit filename="src/class/block_cercle_bordure.cpp" />
		<Unit filename="src/class/block_cercle_bordure.h" />
		<Unit filename="src/class/bordure.cpp" />
		<Unit filename="src/class/bordure.h" />
		<Unit filename="src/class/coords.cpp" />
		<Unit filename="src/class/coords.h" />
		<Unit filename="src/class/liaison.cpp" />
		<Unit filename="src/class/liaison.h" />
		<Unit filename="src/class/liaison_glissiere.cpp" />
		<Unit filename="src/class/liaison_glissiere.h" />
		<Unit filename="src/interface/couleur.cpp" />
		<Unit filename="src/interface/couleur.h" />
		<Unit filename="src/interface/menu.cpp" />
		<Unit filename="src/interface/menu.h" />
		<Unit filename="src/svg/svgfile.cpp" />
		<Unit filename="src/svg/svgfile.h" />
		<Unit filename="src/util/util.cpp" />
		<Unit filename="src/util/util.h" />
		<Extensions>
			<code_completion />
			<envvars />
			<debugger />
		</Extensions>
	</Project>
</CodeBlocks_project_file>
